{
  "originHash" : "a94f711b07339a95212dc496e5010fb78e70e905fefe5f7df7c5e24510b0fbb7",
  "pins" : [
    {
      "identity" : "fluidaudio",
      "kind" : "remoteSourceControl",
      "location" : "https://github.com/FluidInference/FluidAudio.git",
      "state" : {
        "revision" : "41540ea237350afe5117a082b5c28eda642d0612",
        "version" : "0.15.7"
      }
    }
  ],
  "version" : 3
}
